
Microsoft Visual Studio Solution File, Format Version 11.00
# Visual Studio 2010
Project("{FAE04EC0-301F-11D3-BF4B-00C04F79EFBC}") = "MINF_VR_lerngruppe", "Assembly-CSharp.csproj", "{E9469C53-2D0A-4C5A-F41D-B52DD60F24E9}"
EndProject
Project("{FAE04EC0-301F-11D3-BF4B-00C04F79EFBC}") = "MINF_VR_lerngruppe", "Assembly-CSharp-firstpass.csproj", "{462E34D4-8B26-5B72-A149-0E3742F7456F}"
EndProject
Project("{FAE04EC0-301F-11D3-BF4B-00C04F79EFBC}") = "MINF_VR_lerngruppe", "Assembly-CSharp-Editor.csproj", "{3543D4B3-D209-0436-65C7-E1DD5B4F636C}"
EndProject
Global
	GlobalSection(SolutionConfigurationPlatforms) = preSolution
		Debug|Any CPU = Debug|Any CPU
		Release|Any CPU = Release|Any CPU
	EndGlobalSection
	GlobalSection(ProjectConfigurationPlatforms) = postSolution
		{E9469C53-2D0A-4C5A-F41D-B52DD60F24E9}.Debug|Any CPU.ActiveCfg = Debug|Any CPU
		{E9469C53-2D0A-4C5A-F41D-B52DD60F24E9}.Debug|Any CPU.Build.0 = Debug|Any CPU
		{E9469C53-2D0A-4C5A-F41D-B52DD60F24E9}.Release|Any CPU.ActiveCfg = Release|Any CPU
		{E9469C53-2D0A-4C5A-F41D-B52DD60F24E9}.Release|Any CPU.Build.0 = Release|Any CPU
		{462E34D4-8B26-5B72-A149-0E3742F7456F}.Debug|Any CPU.ActiveCfg = Debug|Any CPU
		{462E34D4-8B26-5B72-A149-0E3742F7456F}.Debug|Any CPU.Build.0 = Debug|Any CPU
		{462E34D4-8B26-5B72-A149-0E3742F7456F}.Release|Any CPU.ActiveCfg = Release|Any CPU
		{462E34D4-8B26-5B72-A149-0E3742F7456F}.Release|Any CPU.Build.0 = Release|Any CPU
		{3543D4B3-D209-0436-65C7-E1DD5B4F636C}.Debug|Any CPU.ActiveCfg = Debug|Any CPU
		{3543D4B3-D209-0436-65C7-E1DD5B4F636C}.Debug|Any CPU.Build.0 = Debug|Any CPU
		{3543D4B3-D209-0436-65C7-E1DD5B4F636C}.Release|Any CPU.ActiveCfg = Release|Any CPU
		{3543D4B3-D209-0436-65C7-E1DD5B4F636C}.Release|Any CPU.Build.0 = Release|Any CPU
	EndGlobalSection
	GlobalSection(SolutionProperties) = preSolution
		HideSolutionNode = FALSE
	EndGlobalSection
	GlobalSection(MonoDevelopProperties) = preSolution
		StartupItem = Assembly-CSharp.csproj
	EndGlobalSection
EndGlobal
