
Microsoft Visual Studio Solution File, Format Version 12.00
# Visual Studio for Mac
Project("{FAE04EC0-301F-11D3-BF4B-00C04F79EFBC}") = "MINF_VR_lerngruppe", "MINF_VR_lerngruppe.csproj", "{98B0DEB3-D3F0-94A9-E0D7-8AEF1D743946}"
EndProject
Project("{FAE04EC0-301F-11D3-BF4B-00C04F79EFBC}") = "MINF_VR_lerngruppe.Plugins", "MINF_VR_lerngruppe.Plugins.csproj", "{147B3B92-48BC-FC4E-AF99-C9A617EE7F2C}"
EndProject
Project("{FAE04EC0-301F-11D3-BF4B-00C04F79EFBC}") = "MINF_VR_lerngruppe.Editor", "MINF_VR_lerngruppe.Editor.csproj", "{053D81F9-A755-87E4-313B-86356F4D9CE7}"
EndProject
Global
	GlobalSection(SolutionConfigurationPlatforms) = preSolution
		Debug|Any CPU = Debug|Any CPU
		Release|Any CPU = Release|Any CPU
	EndGlobalSection
	GlobalSection(ProjectConfigurationPlatforms) = postSolution
		{98B0DEB3-D3F0-94A9-E0D7-8AEF1D743946}.Debug|Any CPU.ActiveCfg = Debug|Any CPU
		{98B0DEB3-D3F0-94A9-E0D7-8AEF1D743946}.Debug|Any CPU.Build.0 = Debug|Any CPU
		{98B0DEB3-D3F0-94A9-E0D7-8AEF1D743946}.Release|Any CPU.ActiveCfg = Release|Any CPU
		{98B0DEB3-D3F0-94A9-E0D7-8AEF1D743946}.Release|Any CPU.Build.0 = Release|Any CPU
		{147B3B92-48BC-FC4E-AF99-C9A617EE7F2C}.Debug|Any CPU.ActiveCfg = Debug|Any CPU
		{147B3B92-48BC-FC4E-AF99-C9A617EE7F2C}.Debug|Any CPU.Build.0 = Debug|Any CPU
		{147B3B92-48BC-FC4E-AF99-C9A617EE7F2C}.Release|Any CPU.ActiveCfg = Release|Any CPU
		{147B3B92-48BC-FC4E-AF99-C9A617EE7F2C}.Release|Any CPU.Build.0 = Release|Any CPU
		{053D81F9-A755-87E4-313B-86356F4D9CE7}.Debug|Any CPU.ActiveCfg = Debug|Any CPU
		{053D81F9-A755-87E4-313B-86356F4D9CE7}.Debug|Any CPU.Build.0 = Debug|Any CPU
		{053D81F9-A755-87E4-313B-86356F4D9CE7}.Release|Any CPU.ActiveCfg = Release|Any CPU
		{053D81F9-A755-87E4-313B-86356F4D9CE7}.Release|Any CPU.Build.0 = Release|Any CPU
	EndGlobalSection
	GlobalSection(SolutionProperties) = preSolution
		HideSolutionNode = FALSE
	EndGlobalSection
EndGlobal
